
Microsoft Visual Studio Solution File, Format Version 12.00
# Visual Studio 14
VisualStudioVersion = 14.0.25420.1
MinimumVisualStudioVersion = 10.0.40219.1
Project("{FAE04EC0-301F-11D3-BF4B-00C04F79EFBC}") = "HelloCI.Web", "src\app\HelloCI.Web\HelloCI.Web.csproj", "{FEF0918D-268C-4600-9346-7645C27B836B}"
EndProject
Project("{FAE04EC0-301F-11D3-BF4B-00C04F79EFBC}") = "HelloCI.Tests", "src\test\HelloCi.Tests\HelloCI.Tests.csproj", "{D652DCBD-44FF-4B4E-B54F-770FBED64B5A}"
EndProject
Project("{FAE04EC0-301F-11D3-BF4B-00C04F79EFBC}") = "HelloCI.Core", "src\app\HelloCI.Core\HelloCI.Core.csproj", "{3A8F0C89-DACE-45DF-B37D-4CB26C8C4F58}"
EndProject
Global
	GlobalSection(SolutionConfigurationPlatforms) = preSolution
		Debug|Any CPU = Debug|Any CPU
		Release|Any CPU = Release|Any CPU
	EndGlobalSection
	GlobalSection(ProjectConfigurationPlatforms) = postSolution
		{FEF0918D-268C-4600-9346-7645C27B836B}.Debug|Any CPU.ActiveCfg = Debug|Any CPU
		{FEF0918D-268C-4600-9346-7645C27B836B}.Debug|Any CPU.Build.0 = Debug|Any CPU
		{FEF0918D-268C-4600-9346-7645C27B836B}.Release|Any CPU.ActiveCfg = Release|Any CPU
		{FEF0918D-268C-4600-9346-7645C27B836B}.Release|Any CPU.Build.0 = Release|Any CPU
		{D652DCBD-44FF-4B4E-B54F-770FBED64B5A}.Debug|Any CPU.ActiveCfg = Debug|Any CPU
		{D652DCBD-44FF-4B4E-B54F-770FBED64B5A}.Debug|Any CPU.Build.0 = Debug|Any CPU
		{D652DCBD-44FF-4B4E-B54F-770FBED64B5A}.Release|Any CPU.ActiveCfg = Release|Any CPU
		{D652DCBD-44FF-4B4E-B54F-770FBED64B5A}.Release|Any CPU.Build.0 = Release|Any CPU
		{3A8F0C89-DACE-45DF-B37D-4CB26C8C4F58}.Debug|Any CPU.ActiveCfg = Debug|Any CPU
		{3A8F0C89-DACE-45DF-B37D-4CB26C8C4F58}.Debug|Any CPU.Build.0 = Debug|Any CPU
		{3A8F0C89-DACE-45DF-B37D-4CB26C8C4F58}.Release|Any CPU.ActiveCfg = Release|Any CPU
		{3A8F0C89-DACE-45DF-B37D-4CB26C8C4F58}.Release|Any CPU.Build.0 = Release|Any CPU
	EndGlobalSection
	GlobalSection(SolutionProperties) = preSolution
		HideSolutionNode = FALSE
	EndGlobalSection
EndGlobal
